
Microsoft Visual Studio Solution File, Format Version 12.00
# Visual Studio Version 17
VisualStudioVersion = 17.3.32922.545
MinimumVisualStudioVersion = 10.0.40219.1
Project("{FAE04EC0-301F-11D3-BF4B-00C04F79EFBC}") = "SchoolMVC CRUD", "SchoolMVC CRUD.csproj", "{D7EC1B96-F090-435A-9CF1-8A0301FF694B}"
EndProject
Global
	GlobalSection(SolutionConfigurationPlatforms) = preSolution
		Debug|Any CPU = Debug|Any CPU
		Release|Any CPU = Release|Any CPU
	EndGlobalSection
	GlobalSection(ProjectConfigurationPlatforms) = postSolution
		{D7EC1B96-F090-435A-9CF1-8A0301FF694B}.Debug|Any CPU.ActiveCfg = Debug|Any CPU
		{D7EC1B96-F090-435A-9CF1-8A0301FF694B}.Debug|Any CPU.Build.0 = Debug|Any CPU
		{D7EC1B96-F090-435A-9CF1-8A0301FF694B}.Release|Any CPU.ActiveCfg = Release|Any CPU
		{D7EC1B96-F090-435A-9CF1-8A0301FF694B}.Release|Any CPU.Build.0 = Release|Any CPU
	EndGlobalSection
	GlobalSection(SolutionProperties) = preSolution
		HideSolutionNode = FALSE
	EndGlobalSection
	GlobalSection(ExtensibilityGlobals) = postSolution
		SolutionGuid = {EE2CA285-E91F-474B-9BE0-9A37352C913A}
	EndGlobalSection
EndGlobal
